
Microsoft Visual Studio Solution File, Format Version 12.00
# Visual Studio 2013
VisualStudioVersion = 12.0.40629.0
MinimumVisualStudioVersion = 10.0.40219.1
Project("{FAE04EC0-301F-11D3-BF4B-00C04F79EFBC}") = "SimpleEntry", "SimpleEntry\SimpleEntry.csproj", "{11E29162-658A-47AB-AB7B-DA69A9771F0A}"
EndProject
Project("{FAE04EC0-301F-11D3-BF4B-00C04F79EFBC}") = "SQLiteHelper", "SQLiteHelper\SQLiteHelper.csproj", "{F91BE510-052A-4529-ACCC-5A3D220F807C}"
EndProject
Project("{FAE04EC0-301F-11D3-BF4B-00C04F79EFBC}") = "WindowGlows", "WindowGlows\WindowGlows.csproj", "{7C19B1B8-4C1F-4C6E-B29A-B63C6807D641}"
EndProject
Project("{FAE04EC0-301F-11D3-BF4B-00C04F79EFBC}") = "SpssHelper", "SpssHelper\SpssHelper.csproj", "{E66866BC-44B5-417D-9157-F9E1A576FC7C}"
EndProject
Project("{FAE04EC0-301F-11D3-BF4B-00C04F79EFBC}") = "ChromeTabs", "ChromeTabs\ChromeTabs.csproj", "{0208352A-D75A-44B1-9C21-AA54D64D24B6}"
EndProject
Project("{54435603-DBB4-11D2-8724-00A0C9A8B90C}") = "Setup", "Setup\Setup.vdproj", "{CD66AA37-84C2-4A8D-A436-BA9E2DECA609}"
EndProject
Project("{FAE04EC0-301F-11D3-BF4B-00C04F79EFBC}") = "uninst", "uninst\uninst.csproj", "{016C7DAB-F73C-4F96-9927-B1053D587F21}"
EndProject
Project("{6141683F-8A12-4E36-9623-2EB02B2C2303}") = "InstallShieldSetup", "InstallShieldSetup\InstallShieldSetup.isproj", "{90B25195-B00C-4799-BF2A-B8C3C88C093C}"
EndProject
Project("{FAE04EC0-301F-11D3-BF4B-00C04F79EFBC}") = "GetProductCode", "GetProductCode\GetProductCode.csproj", "{E0C03951-F815-49E1-B526-8AF3413075F4}"
EndProject
Global
	GlobalSection(SolutionConfigurationPlatforms) = preSolution
		CD_ROM|Any CPU = CD_ROM|Any CPU
		CD_ROM|Mixed Platforms = CD_ROM|Mixed Platforms
		CD_ROM|x86 = CD_ROM|x86
		Debug|Any CPU = Debug|Any CPU
		Debug|Mixed Platforms = Debug|Mixed Platforms
		Debug|x86 = Debug|x86
		DVD-5|Any CPU = DVD-5|Any CPU
		DVD-5|Mixed Platforms = DVD-5|Mixed Platforms
		DVD-5|x86 = DVD-5|x86
		Release|Any CPU = Release|Any CPU
		Release|Mixed Platforms = Release|Mixed Platforms
		Release|x86 = Release|x86
		SingleImage|Any CPU = SingleImage|Any CPU
		SingleImage|Mixed Platforms = SingleImage|Mixed Platforms
		SingleImage|x86 = SingleImage|x86
		SPSS test|Any CPU = SPSS test|Any CPU
		SPSS test|Mixed Platforms = SPSS test|Mixed Platforms
		SPSS test|x86 = SPSS test|x86
	EndGlobalSection
	GlobalSection(ProjectConfigurationPlatforms) = postSolution
		{11E29162-658A-47AB-AB7B-DA69A9771F0A}.CD_ROM|Any CPU.ActiveCfg = Release|Any CPU
		{11E29162-658A-47AB-AB7B-DA69A9771F0A}.CD_ROM|Any CPU.Build.0 = Release|Any CPU
		{11E29162-658A-47AB-AB7B-DA69A9771F0A}.CD_ROM|Mixed Platforms.ActiveCfg = Release|Any CPU
		{11E29162-658A-47AB-AB7B-DA69A9771F0A}.CD_ROM|Mixed Platforms.Build.0 = Release|Any CPU
		{11E29162-658A-47AB-AB7B-DA69A9771F0A}.CD_ROM|x86.ActiveCfg = Release|Any CPU
		{11E29162-658A-47AB-AB7B-DA69A9771F0A}.Debug|Any CPU.ActiveCfg = Debug|Any CPU
		{11E29162-658A-47AB-AB7B-DA69A9771F0A}.Debug|Any CPU.Build.0 = Debug|Any CPU
		{11E29162-658A-47AB-AB7B-DA69A9771F0A}.Debug|Mixed Platforms.ActiveCfg = Debug|Any CPU
		{11E29162-658A-47AB-AB7B-DA69A9771F0A}.Debug|Mixed Platforms.Build.0 = Debug|Any CPU
		{11E29162-658A-47AB-AB7B-DA69A9771F0A}.Debug|x86.ActiveCfg = Debug|Any CPU
		{11E29162-658A-47AB-AB7B-DA69A9771F0A}.DVD-5|Any CPU.ActiveCfg = Debug|Any CPU
		{11E29162-658A-47AB-AB7B-DA69A9771F0A}.DVD-5|Any CPU.Build.0 = Debug|Any CPU
		{11E29162-658A-47AB-AB7B-DA69A9771F0A}.DVD-5|Mixed Platforms.ActiveCfg = Debug|Any CPU
		{11E29162-658A-47AB-AB7B-DA69A9771F0A}.DVD-5|Mixed Platforms.Build.0 = Debug|Any CPU
		{11E29162-658A-47AB-AB7B-DA69A9771F0A}.DVD-5|x86.ActiveCfg = Debug|Any CPU
		{11E29162-658A-47AB-AB7B-DA69A9771F0A}.Release|Any CPU.ActiveCfg = Release|Any CPU
		{11E29162-658A-47AB-AB7B-DA69A9771F0A}.Release|Any CPU.Build.0 = Release|Any CPU
		{11E29162-658A-47AB-AB7B-DA69A9771F0A}.Release|Mixed Platforms.ActiveCfg = Release|Any CPU
		{11E29162-658A-47AB-AB7B-DA69A9771F0A}.Release|Mixed Platforms.Build.0 = Release|Any CPU
		{11E29162-658A-47AB-AB7B-DA69A9771F0A}.Release|x86.ActiveCfg = Release|Any CPU
		{11E29162-658A-47AB-AB7B-DA69A9771F0A}.SingleImage|Any CPU.ActiveCfg = Release|Any CPU
		{11E29162-658A-47AB-AB7B-DA69A9771F0A}.SingleImage|Any CPU.Build.0 = Release|Any CPU
		{11E29162-658A-47AB-AB7B-DA69A9771F0A}.SingleImage|Mixed Platforms.ActiveCfg = Release|Any CPU
		{11E29162-658A-47AB-AB7B-DA69A9771F0A}.SingleImage|Mixed Platforms.Build.0 = Release|Any CPU
		{11E29162-658A-47AB-AB7B-DA69A9771F0A}.SingleImage|x86.ActiveCfg = Release|Any CPU
		{11E29162-658A-47AB-AB7B-DA69A9771F0A}.SPSS test|Any CPU.ActiveCfg = Release|Any CPU
		{11E29162-658A-47AB-AB7B-DA69A9771F0A}.SPSS test|Any CPU.Build.0 = Release|Any CPU
		{11E29162-658A-47AB-AB7B-DA69A9771F0A}.SPSS test|Mixed Platforms.ActiveCfg = Release|Any CPU
		{11E29162-658A-47AB-AB7B-DA69A9771F0A}.SPSS test|Mixed Platforms.Build.0 = Release|Any CPU
		{11E29162-658A-47AB-AB7B-DA69A9771F0A}.SPSS test|x86.ActiveCfg = Release|Any CPU
		{F91BE510-052A-4529-ACCC-5A3D220F807C}.CD_ROM|Any CPU.ActiveCfg = Release|Any CPU
		{F91BE510-052A-4529-ACCC-5A3D220F807C}.CD_ROM|Any CPU.Build.0 = Release|Any CPU
		{F91BE510-052A-4529-ACCC-5A3D220F807C}.CD_ROM|Mixed Platforms.ActiveCfg = Release|Any CPU
		{F91BE510-052A-4529-ACCC-5A3D220F807C}.CD_ROM|Mixed Platforms.Build.0 = Release|Any CPU
		{F91BE510-052A-4529-ACCC-5A3D220F807C}.CD_ROM|x86.ActiveCfg = Release|Any CPU
		{F91BE510-052A-4529-ACCC-5A3D220F807C}.Debug|Any CPU.ActiveCfg = Debug|Any CPU
		{F91BE510-052A-4529-ACCC-5A3D220F807C}.Debug|Any CPU.Build.0 = Debug|Any CPU
		{F91BE510-052A-4529-ACCC-5A3D220F807C}.Debug|Mixed Platforms.ActiveCfg = Debug|Any CPU
		{F91BE510-052A-4529-ACCC-5A3D220F807C}.Debug|Mixed Platforms.Build.0 = Debug|Any CPU
		{F91BE510-052A-4529-ACCC-5A3D220F807C}.Debug|x86.ActiveCfg = Debug|Any CPU
		{F91BE510-052A-4529-ACCC-5A3D220F807C}.DVD-5|Any CPU.ActiveCfg = Debug|Any CPU
		{F91BE510-052A-4529-ACCC-5A3D220F807C}.DVD-5|Any CPU.Build.0 = Debug|Any CPU
		{F91BE510-052A-4529-ACCC-5A3D220F807C}.DVD-5|Mixed Platforms.ActiveCfg = Debug|Any CPU
		{F91BE510-052A-4529-ACCC-5A3D220F807C}.DVD-5|Mixed Platforms.Build.0 = Debug|Any CPU
		{F91BE510-052A-4529-ACCC-5A3D220F807C}.DVD-5|x86.ActiveCfg = Debug|Any CPU
		{F91BE510-052A-4529-ACCC-5A3D220F807C}.Release|Any CPU.ActiveCfg = Release|Any CPU
		{F91BE510-052A-4529-ACCC-5A3D220F807C}.Release|Any CPU.Build.0 = Release|Any CPU
		{F91BE510-052A-4529-ACCC-5A3D220F807C}.Release|Mixed Platforms.ActiveCfg = Release|Any CPU
		{F91BE510-052A-4529-ACCC-5A3D220F807C}.Release|Mixed Platforms.Build.0 = Release|Any CPU
		{F91BE510-052A-4529-ACCC-5A3D220F807C}.Release|x86.ActiveCfg = Release|Any CPU
		{F91BE510-052A-4529-ACCC-5A3D220F807C}.SingleImage|Any CPU.ActiveCfg = Release|Any CPU
		{F91BE510-052A-4529-ACCC-5A3D220F807C}.SingleImage|Any CPU.Build.0 = Release|Any CPU
		{F91BE510-052A-4529-ACCC-5A3D220F807C}.SingleImage|Mixed Platforms.ActiveCfg = Release|Any CPU
		{F91BE510-052A-4529-ACCC-5A3D220F807C}.SingleImage|Mixed Platforms.Build.0 = Release|Any CPU
		{F91BE510-052A-4529-ACCC-5A3D220F807C}.SingleImage|x86.ActiveCfg = Release|Any CPU
		{F91BE510-052A-4529-ACCC-5A3D220F807C}.SPSS test|Any CPU.ActiveCfg = Release|Any CPU
		{F91BE510-052A-4529-ACCC-5A3D220F807C}.SPSS test|Any CPU.Build.0 = Release|Any CPU
		{F91BE510-052A-4529-ACCC-5A3D220F807C}.SPSS test|Mixed Platforms.ActiveCfg = Release|Any CPU
		{F91BE510-052A-4529-ACCC-5A3D220F807C}.SPSS test|Mixed Platforms.Build.0 = Release|Any CPU
		{F91BE510-052A-4529-ACCC-5A3D220F807C}.SPSS test|x86.ActiveCfg = Release|Any CPU
		{7C19B1B8-4C1F-4C6E-B29A-B63C6807D641}.CD_ROM|Any CPU.ActiveCfg = Release|Any CPU
		{7C19B1B8-4C1F-4C6E-B29A-B63C6807D641}.CD_ROM|Mixed Platforms.ActiveCfg = Release|Any CPU
		{7C19B1B8-4C1F-4C6E-B29A-B63C6807D641}.CD_ROM|x86.ActiveCfg = Release|Any CPU
		{7C19B1B8-4C1F-4C6E-B29A-B63C6807D641}.Debug|Any CPU.ActiveCfg = Debug|Any CPU
		{7C19B1B8-4C1F-4C6E-B29A-B63C6807D641}.Debug|Any CPU.Build.0 = Debug|Any CPU
		{7C19B1B8-4C1F-4C6E-B29A-B63C6807D641}.Debug|Mixed Platforms.ActiveCfg = Debug|Any CPU
		{7C19B1B8-4C1F-4C6E-B29A-B63C6807D641}.Debug|Mixed Platforms.Build.0 = Debug|Any CPU
		{7C19B1B8-4C1F-4C6E-B29A-B63C6807D641}.Debug|x86.ActiveCfg = Debug|Any CPU
		{7C19B1B8-4C1F-4C6E-B29A-B63C6807D641}.DVD-5|Any CPU.ActiveCfg = Debug|Any CPU
		{7C19B1B8-4C1F-4C6E-B29A-B63C6807D641}.DVD-5|Mixed Platforms.ActiveCfg = Debug|Any CPU
		{7C19B1B8-4C1F-4C6E-B29A-B63C6807D641}.DVD-5|x86.ActiveCfg = Debug|Any CPU
		{7C19B1B8-4C1F-4C6E-B29A-B63C6807D641}.Release|Any CPU.ActiveCfg = Release|Any CPU
		{7C19B1B8-4C1F-4C6E-B29A-B63C6807D641}.Release|Any CPU.Build.0 = Release|Any CPU
		{7C19B1B8-4C1F-4C6E-B29A-B63C6807D641}.Release|Mixed Platforms.ActiveCfg = Release|Any CPU
		{7C19B1B8-4C1F-4C6E-B29A-B63C6807D641}.Release|Mixed Platforms.Build.0 = Release|Any CPU
		{7C19B1B8-4C1F-4C6E-B29A-B63C6807D641}.Release|x86.ActiveCfg = Release|Any CPU
		{7C19B1B8-4C1F-4C6E-B29A-B63C6807D641}.SingleImage|Any CPU.ActiveCfg = Release|Any CPU
		{7C19B1B8-4C1F-4C6E-B29A-B63C6807D641}.SingleImage|Mixed Platforms.ActiveCfg = Release|Any CPU
		{7C19B1B8-4C1F-4C6E-B29A-B63C6807D641}.SingleImage|x86.ActiveCfg = Release|Any CPU
		{7C19B1B8-4C1F-4C6E-B29A-B63C6807D641}.SPSS test|Any CPU.ActiveCfg = Release|Any CPU
		{7C19B1B8-4C1F-4C6E-B29A-B63C6807D641}.SPSS test|Any CPU.Build.0 = Release|Any CPU
		{7C19B1B8-4C1F-4C6E-B29A-B63C6807D641}.SPSS test|Mixed Platforms.ActiveCfg = Release|Any CPU
		{7C19B1B8-4C1F-4C6E-B29A-B63C6807D641}.SPSS test|Mixed Platforms.Build.0 = Release|Any CPU
		{7C19B1B8-4C1F-4C6E-B29A-B63C6807D641}.SPSS test|x86.ActiveCfg = Release|Any CPU
		{E66866BC-44B5-417D-9157-F9E1A576FC7C}.CD_ROM|Any CPU.ActiveCfg = Release|Any CPU
		{E66866BC-44B5-417D-9157-F9E1A576FC7C}.CD_ROM|Any CPU.Build.0 = Release|Any CPU
		{E66866BC-44B5-417D-9157-F9E1A576FC7C}.CD_ROM|Mixed Platforms.ActiveCfg = Release|Any CPU
		{E66866BC-44B5-417D-9157-F9E1A576FC7C}.CD_ROM|Mixed Platforms.Build.0 = Release|Any CPU
		{E66866BC-44B5-417D-9157-F9E1A576FC7C}.CD_ROM|x86.ActiveCfg = Release|Any CPU
		{E66866BC-44B5-417D-9157-F9E1A576FC7C}.Debug|Any CPU.ActiveCfg = Debug|Any CPU
		{E66866BC-44B5-417D-9157-F9E1A576FC7C}.Debug|Any CPU.Build.0 = Debug|Any CPU
		{E66866BC-44B5-417D-9157-F9E1A576FC7C}.Debug|Mixed Platforms.ActiveCfg = Debug|Any CPU
		{E66866BC-44B5-417D-9157-F9E1A576FC7C}.Debug|Mixed Platforms.Build.0 = Debug|Any CPU
		{E66866BC-44B5-417D-9157-F9E1A576FC7C}.Debug|x86.ActiveCfg = Debug|Any CPU
		{E66866BC-44B5-417D-9157-F9E1A576FC7C}.DVD-5|Any CPU.ActiveCfg = Debug|Any CPU
		{E66866BC-44B5-417D-9157-F9E1A576FC7C}.DVD-5|Any CPU.Build.0 = Debug|Any CPU
		{E66866BC-44B5-417D-9157-F9E1A576FC7C}.DVD-5|Mixed Platforms.ActiveCfg = Debug|Any CPU
		{E66866BC-44B5-417D-9157-F9E1A576FC7C}.DVD-5|Mixed Platforms.Build.0 = Debug|Any CPU
		{E66866BC-44B5-417D-9157-F9E1A576FC7C}.DVD-5|x86.ActiveCfg = Debug|Any CPU
		{E66866BC-44B5-417D-9157-F9E1A576FC7C}.Release|Any CPU.ActiveCfg = Release|Any CPU
		{E66866BC-44B5-417D-9157-F9E1A576FC7C}.Release|Any CPU.Build.0 = Release|Any CPU
		{E66866BC-44B5-417D-9157-F9E1A576FC7C}.Release|Mixed Platforms.ActiveCfg = Release|Any CPU
		{E66866BC-44B5-417D-9157-F9E1A576FC7C}.Release|Mixed Platforms.Build.0 = Release|Any CPU
		{E66866BC-44B5-417D-9157-F9E1A576FC7C}.Release|x86.ActiveCfg = Release|Any CPU
		{E66866BC-44B5-417D-9157-F9E1A576FC7C}.SingleImage|Any CPU.ActiveCfg = Release|Any CPU
		{E66866BC-44B5-417D-9157-F9E1A576FC7C}.SingleImage|Any CPU.Build.0 = Release|Any CPU
		{E66866BC-44B5-417D-9157-F9E1A576FC7C}.SingleImage|Mixed Platforms.ActiveCfg = Release|Any CPU
		{E66866BC-44B5-417D-9157-F9E1A576FC7C}.SingleImage|Mixed Platforms.Build.0 = Release|Any CPU
		{E66866BC-44B5-417D-9157-F9E1A576FC7C}.SingleImage|x86.ActiveCfg = Release|Any CPU
		{E66866BC-44B5-417D-9157-F9E1A576FC7C}.SPSS test|Any CPU.ActiveCfg = Release|Any CPU
		{E66866BC-44B5-417D-9157-F9E1A576FC7C}.SPSS test|Any CPU.Build.0 = Release|Any CPU
		{E66866BC-44B5-417D-9157-F9E1A576FC7C}.SPSS test|Mixed Platforms.ActiveCfg = Release|Any CPU
		{E66866BC-44B5-417D-9157-F9E1A576FC7C}.SPSS test|Mixed Platforms.Build.0 = Release|Any CPU
		{E66866BC-44B5-417D-9157-F9E1A576FC7C}.SPSS test|x86.ActiveCfg = Release|Any CPU
		{0208352A-D75A-44B1-9C21-AA54D64D24B6}.CD_ROM|Any CPU.ActiveCfg = Release|Any CPU
		{0208352A-D75A-44B1-9C21-AA54D64D24B6}.CD_ROM|Any CPU.Build.0 = Release|Any CPU
		{0208352A-D75A-44B1-9C21-AA54D64D24B6}.CD_ROM|Mixed Platforms.ActiveCfg = Release|Any CPU
		{0208352A-D75A-44B1-9C21-AA54D64D24B6}.CD_ROM|Mixed Platforms.Build.0 = Release|Any CPU
		{0208352A-D75A-44B1-9C21-AA54D64D24B6}.CD_ROM|x86.ActiveCfg = Release|Any CPU
		{0208352A-D75A-44B1-9C21-AA54D64D24B6}.Debug|Any CPU.ActiveCfg = Debug|Any CPU
		{0208352A-D75A-44B1-9C21-AA54D64D24B6}.Debug|Any CPU.Build.0 = Debug|Any CPU
		{0208352A-D75A-44B1-9C21-AA54D64D24B6}.Debug|Mixed Platforms.ActiveCfg = Debug|Any CPU
		{0208352A-D75A-44B1-9C21-AA54D64D24B6}.Debug|Mixed Platforms.Build.0 = Debug|Any CPU
		{0208352A-D75A-44B1-9C21-AA54D64D24B6}.Debug|x86.ActiveCfg = Debug|Any CPU
		{0208352A-D75A-44B1-9C21-AA54D64D24B6}.DVD-5|Any CPU.ActiveCfg = Debug|Any CPU
		{0208352A-D75A-44B1-9C21-AA54D64D24B6}.DVD-5|Any CPU.Build.0 = Debug|Any CPU
		{0208352A-D75A-44B1-9C21-AA54D64D24B6}.DVD-5|Mixed Platforms.ActiveCfg = Debug|Any CPU
		{0208352A-D75A-44B1-9C21-AA54D64D24B6}.DVD-5|Mixed Platforms.Build.0 = Debug|Any CPU
		{0208352A-D75A-44B1-9C21-AA54D64D24B6}.DVD-5|x86.ActiveCfg = Debug|Any CPU
		{0208352A-D75A-44B1-9C21-AA54D64D24B6}.Release|Any CPU.ActiveCfg = Release|Any CPU
		{0208352A-D75A-44B1-9C21-AA54D64D24B6}.Release|Any CPU.Build.0 = Release|Any CPU
		{0208352A-D75A-44B1-9C21-AA54D64D24B6}.Release|Mixed Platforms.ActiveCfg = Release|Any CPU
		{0208352A-D75A-44B1-9C21-AA54D64D24B6}.Release|Mixed Platforms.Build.0 = Release|Any CPU
		{0208352A-D75A-44B1-9C21-AA54D64D24B6}.Release|x86.ActiveCfg = Release|Any CPU
		{0208352A-D75A-44B1-9C21-AA54D64D24B6}.SingleImage|Any CPU.ActiveCfg = Release|Any CPU
		{0208352A-D75A-44B1-9C21-AA54D64D24B6}.SingleImage|Any CPU.Build.0 = Release|Any CPU
		{0208352A-D75A-44B1-9C21-AA54D64D24B6}.SingleImage|Mixed Platforms.ActiveCfg = Release|Any CPU
		{0208352A-D75A-44B1-9C21-AA54D64D24B6}.SingleImage|Mixed Platforms.Build.0 = Release|Any CPU
		{0208352A-D75A-44B1-9C21-AA54D64D24B6}.SingleImage|x86.ActiveCfg = Release|Any CPU
		{0208352A-D75A-44B1-9C21-AA54D64D24B6}.SPSS test|Any CPU.ActiveCfg = Release|Any CPU
		{0208352A-D75A-44B1-9C21-AA54D64D24B6}.SPSS test|Any CPU.Build.0 = Release|Any CPU
		{0208352A-D75A-44B1-9C21-AA54D64D24B6}.SPSS test|Mixed Platforms.ActiveCfg = Release|Any CPU
		{0208352A-D75A-44B1-9C21-AA54D64D24B6}.SPSS test|Mixed Platforms.Build.0 = Release|Any CPU
		{0208352A-D75A-44B1-9C21-AA54D64D24B6}.SPSS test|x86.ActiveCfg = Release|Any CPU
		{CD66AA37-84C2-4A8D-A436-BA9E2DECA609}.CD_ROM|Any CPU.ActiveCfg = Release
		{CD66AA37-84C2-4A8D-A436-BA9E2DECA609}.CD_ROM|Any CPU.Build.0 = Release
		{CD66AA37-84C2-4A8D-A436-BA9E2DECA609}.CD_ROM|Mixed Platforms.ActiveCfg = Release
		{CD66AA37-84C2-4A8D-A436-BA9E2DECA609}.CD_ROM|Mixed Platforms.Build.0 = Release
		{CD66AA37-84C2-4A8D-A436-BA9E2DECA609}.CD_ROM|x86.ActiveCfg = Release
		{CD66AA37-84C2-4A8D-A436-BA9E2DECA609}.CD_ROM|x86.Build.0 = Release
		{CD66AA37-84C2-4A8D-A436-BA9E2DECA609}.Debug|Any CPU.ActiveCfg = Debug
		{CD66AA37-84C2-4A8D-A436-BA9E2DECA609}.Debug|Mixed Platforms.ActiveCfg = Debug
		{CD66AA37-84C2-4A8D-A436-BA9E2DECA609}.Debug|Mixed Platforms.Build.0 = Debug
		{CD66AA37-84C2-4A8D-A436-BA9E2DECA609}.Debug|x86.ActiveCfg = Debug
		{CD66AA37-84C2-4A8D-A436-BA9E2DECA609}.DVD-5|Any CPU.ActiveCfg = Debug
		{CD66AA37-84C2-4A8D-A436-BA9E2DECA609}.DVD-5|Any CPU.Build.0 = Debug
		{CD66AA37-84C2-4A8D-A436-BA9E2DECA609}.DVD-5|Mixed Platforms.ActiveCfg = Debug
		{CD66AA37-84C2-4A8D-A436-BA9E2DECA609}.DVD-5|Mixed Platforms.Build.0 = Debug
		{CD66AA37-84C2-4A8D-A436-BA9E2DECA609}.DVD-5|x86.ActiveCfg = Debug
		{CD66AA37-84C2-4A8D-A436-BA9E2DECA609}.DVD-5|x86.Build.0 = Debug
		{CD66AA37-84C2-4A8D-A436-BA9E2DECA609}.Release|Any CPU.ActiveCfg = Release
		{CD66AA37-84C2-4A8D-A436-BA9E2DECA609}.Release|Mixed Platforms.ActiveCfg = Release
		{CD66AA37-84C2-4A8D-A436-BA9E2DECA609}.Release|x86.ActiveCfg = Release
		{CD66AA37-84C2-4A8D-A436-BA9E2DECA609}.SingleImage|Any CPU.ActiveCfg = Release
		{CD66AA37-84C2-4A8D-A436-BA9E2DECA609}.SingleImage|Any CPU.Build.0 = Release
		{CD66AA37-84C2-4A8D-A436-BA9E2DECA609}.SingleImage|Mixed Platforms.ActiveCfg = Release
		{CD66AA37-84C2-4A8D-A436-BA9E2DECA609}.SingleImage|Mixed Platforms.Build.0 = Release
		{CD66AA37-84C2-4A8D-A436-BA9E2DECA609}.SingleImage|x86.ActiveCfg = Release
		{CD66AA37-84C2-4A8D-A436-BA9E2DECA609}.SingleImage|x86.Build.0 = Release
		{CD66AA37-84C2-4A8D-A436-BA9E2DECA609}.SPSS test|Any CPU.ActiveCfg = Release
		{CD66AA37-84C2-4A8D-A436-BA9E2DECA609}.SPSS test|Mixed Platforms.ActiveCfg = Release
		{CD66AA37-84C2-4A8D-A436-BA9E2DECA609}.SPSS test|x86.ActiveCfg = Release
		{016C7DAB-F73C-4F96-9927-B1053D587F21}.CD_ROM|Any CPU.ActiveCfg = Release|Any CPU
		{016C7DAB-F73C-4F96-9927-B1053D587F21}.CD_ROM|Any CPU.Build.0 = Release|Any CPU
		{016C7DAB-F73C-4F96-9927-B1053D587F21}.CD_ROM|Mixed Platforms.ActiveCfg = Release|Any CPU
		{016C7DAB-F73C-4F96-9927-B1053D587F21}.CD_ROM|Mixed Platforms.Build.0 = Release|Any CPU
		{016C7DAB-F73C-4F96-9927-B1053D587F21}.CD_ROM|x86.ActiveCfg = Release|Any CPU
		{016C7DAB-F73C-4F96-9927-B1053D587F21}.Debug|Any CPU.ActiveCfg = Debug|Any CPU
		{016C7DAB-F73C-4F96-9927-B1053D587F21}.Debug|Any CPU.Build.0 = Debug|Any CPU
		{016C7DAB-F73C-4F96-9927-B1053D587F21}.Debug|Mixed Platforms.ActiveCfg = Debug|Any CPU
		{016C7DAB-F73C-4F96-9927-B1053D587F21}.Debug|Mixed Platforms.Build.0 = Debug|Any CPU
		{016C7DAB-F73C-4F96-9927-B1053D587F21}.Debug|x86.ActiveCfg = Debug|Any CPU
		{016C7DAB-F73C-4F96-9927-B1053D587F21}.DVD-5|Any CPU.ActiveCfg = Debug|Any CPU
		{016C7DAB-F73C-4F96-9927-B1053D587F21}.DVD-5|Any CPU.Build.0 = Debug|Any CPU
		{016C7DAB-F73C-4F96-9927-B1053D587F21}.DVD-5|Mixed Platforms.ActiveCfg = Debug|Any CPU
		{016C7DAB-F73C-4F96-9927-B1053D587F21}.DVD-5|Mixed Platforms.Build.0 = Debug|Any CPU
		{016C7DAB-F73C-4F96-9927-B1053D587F21}.DVD-5|x86.ActiveCfg = Debug|Any CPU
		{016C7DAB-F73C-4F96-9927-B1053D587F21}.Release|Any CPU.ActiveCfg = Release|Any CPU
		{016C7DAB-F73C-4F96-9927-B1053D587F21}.Release|Any CPU.Build.0 = Release|Any CPU
		{016C7DAB-F73C-4F96-9927-B1053D587F21}.Release|Mixed Platforms.ActiveCfg = Release|Any CPU
		{016C7DAB-F73C-4F96-9927-B1053D587F21}.Release|Mixed Platforms.Build.0 = Release|Any CPU
		{016C7DAB-F73C-4F96-9927-B1053D587F21}.Release|x86.ActiveCfg = Release|Any CPU
		{016C7DAB-F73C-4F96-9927-B1053D587F21}.SingleImage|Any CPU.ActiveCfg = Release|Any CPU
		{016C7DAB-F73C-4F96-9927-B1053D587F21}.SingleImage|Any CPU.Build.0 = Release|Any CPU
		{016C7DAB-F73C-4F96-9927-B1053D587F21}.SingleImage|Mixed Platforms.ActiveCfg = Release|Any CPU
		{016C7DAB-F73C-4F96-9927-B1053D587F21}.SingleImage|Mixed Platforms.Build.0 = Release|Any CPU
		{016C7DAB-F73C-4F96-9927-B1053D587F21}.SingleImage|x86.ActiveCfg = Release|Any CPU
		{016C7DAB-F73C-4F96-9927-B1053D587F21}.SPSS test|Any CPU.ActiveCfg = Release|Any CPU
		{016C7DAB-F73C-4F96-9927-B1053D587F21}.SPSS test|Any CPU.Build.0 = Release|Any CPU
		{016C7DAB-F73C-4F96-9927-B1053D587F21}.SPSS test|Mixed Platforms.ActiveCfg = Release|Any CPU
		{016C7DAB-F73C-4F96-9927-B1053D587F21}.SPSS test|Mixed Platforms.Build.0 = Release|Any CPU
		{016C7DAB-F73C-4F96-9927-B1053D587F21}.SPSS test|x86.ActiveCfg = Release|Any CPU
		{90B25195-B00C-4799-BF2A-B8C3C88C093C}.CD_ROM|Any CPU.ActiveCfg = CD_ROM
		{90B25195-B00C-4799-BF2A-B8C3C88C093C}.CD_ROM|Any CPU.Build.0 = CD_ROM
		{90B25195-B00C-4799-BF2A-B8C3C88C093C}.CD_ROM|Mixed Platforms.ActiveCfg = CD_ROM
		{90B25195-B00C-4799-BF2A-B8C3C88C093C}.CD_ROM|Mixed Platforms.Build.0 = CD_ROM
		{90B25195-B00C-4799-BF2A-B8C3C88C093C}.CD_ROM|x86.ActiveCfg = CD_ROM
		{90B25195-B00C-4799-BF2A-B8C3C88C093C}.CD_ROM|x86.Build.0 = CD_ROM
		{90B25195-B00C-4799-BF2A-B8C3C88C093C}.Debug|Any CPU.ActiveCfg = DVD-5
		{90B25195-B00C-4799-BF2A-B8C3C88C093C}.Debug|Any CPU.Build.0 = DVD-5
		{90B25195-B00C-4799-BF2A-B8C3C88C093C}.Debug|Mixed Platforms.ActiveCfg = DVD-5
		{90B25195-B00C-4799-BF2A-B8C3C88C093C}.Debug|Mixed Platforms.Build.0 = DVD-5
		{90B25195-B00C-4799-BF2A-B8C3C88C093C}.Debug|x86.ActiveCfg = DVD-5
		{90B25195-B00C-4799-BF2A-B8C3C88C093C}.Debug|x86.Build.0 = DVD-5
		{90B25195-B00C-4799-BF2A-B8C3C88C093C}.DVD-5|Any CPU.ActiveCfg = DVD-5
		{90B25195-B00C-4799-BF2A-B8C3C88C093C}.DVD-5|Any CPU.Build.0 = DVD-5
		{90B25195-B00C-4799-BF2A-B8C3C88C093C}.DVD-5|Mixed Platforms.ActiveCfg = DVD-5
		{90B25195-B00C-4799-BF2A-B8C3C88C093C}.DVD-5|Mixed Platforms.Build.0 = DVD-5
		{90B25195-B00C-4799-BF2A-B8C3C88C093C}.DVD-5|x86.ActiveCfg = DVD-5
		{90B25195-B00C-4799-BF2A-B8C3C88C093C}.DVD-5|x86.Build.0 = DVD-5
		{90B25195-B00C-4799-BF2A-B8C3C88C093C}.Release|Any CPU.ActiveCfg = SingleImage
		{90B25195-B00C-4799-BF2A-B8C3C88C093C}.Release|Any CPU.Build.0 = SingleImage
		{90B25195-B00C-4799-BF2A-B8C3C88C093C}.Release|Mixed Platforms.ActiveCfg = SingleImage
		{90B25195-B00C-4799-BF2A-B8C3C88C093C}.Release|Mixed Platforms.Build.0 = SingleImage
		{90B25195-B00C-4799-BF2A-B8C3C88C093C}.Release|x86.ActiveCfg = SingleImage
		{90B25195-B00C-4799-BF2A-B8C3C88C093C}.Release|x86.Build.0 = SingleImage
		{90B25195-B00C-4799-BF2A-B8C3C88C093C}.SingleImage|Any CPU.ActiveCfg = SingleImage
		{90B25195-B00C-4799-BF2A-B8C3C88C093C}.SingleImage|Any CPU.Build.0 = SingleImage
		{90B25195-B00C-4799-BF2A-B8C3C88C093C}.SingleImage|Mixed Platforms.ActiveCfg = SingleImage
		{90B25195-B00C-4799-BF2A-B8C3C88C093C}.SingleImage|Mixed Platforms.Build.0 = SingleImage
		{90B25195-B00C-4799-BF2A-B8C3C88C093C}.SingleImage|x86.ActiveCfg = SingleImage
		{90B25195-B00C-4799-BF2A-B8C3C88C093C}.SingleImage|x86.Build.0 = SingleImage
		{90B25195-B00C-4799-BF2A-B8C3C88C093C}.SPSS test|Any CPU.ActiveCfg = SingleImage
		{90B25195-B00C-4799-BF2A-B8C3C88C093C}.SPSS test|Any CPU.Build.0 = SingleImage
		{90B25195-B00C-4799-BF2A-B8C3C88C093C}.SPSS test|Mixed Platforms.ActiveCfg = SingleImage
		{90B25195-B00C-4799-BF2A-B8C3C88C093C}.SPSS test|Mixed Platforms.Build.0 = SingleImage
		{90B25195-B00C-4799-BF2A-B8C3C88C093C}.SPSS test|x86.ActiveCfg = SingleImage
		{90B25195-B00C-4799-BF2A-B8C3C88C093C}.SPSS test|x86.Build.0 = SingleImage
		{E0C03951-F815-49E1-B526-8AF3413075F4}.CD_ROM|Any CPU.ActiveCfg = Release|Any CPU
		{E0C03951-F815-49E1-B526-8AF3413075F4}.CD_ROM|Any CPU.Build.0 = Release|Any CPU
		{E0C03951-F815-49E1-B526-8AF3413075F4}.CD_ROM|Mixed Platforms.ActiveCfg = Release|Any CPU
		{E0C03951-F815-49E1-B526-8AF3413075F4}.CD_ROM|Mixed Platforms.Build.0 = Release|Any CPU
		{E0C03951-F815-49E1-B526-8AF3413075F4}.CD_ROM|x86.ActiveCfg = Release|Any CPU
		{E0C03951-F815-49E1-B526-8AF3413075F4}.Debug|Any CPU.ActiveCfg = Debug|Any CPU
		{E0C03951-F815-49E1-B526-8AF3413075F4}.Debug|Any CPU.Build.0 = Debug|Any CPU
		{E0C03951-F815-49E1-B526-8AF3413075F4}.Debug|Mixed Platforms.ActiveCfg = Debug|Any CPU
		{E0C03951-F815-49E1-B526-8AF3413075F4}.Debug|Mixed Platforms.Build.0 = Debug|Any CPU
		{E0C03951-F815-49E1-B526-8AF3413075F4}.Debug|x86.ActiveCfg = Debug|Any CPU
		{E0C03951-F815-49E1-B526-8AF3413075F4}.DVD-5|Any CPU.ActiveCfg = Debug|Any CPU
		{E0C03951-F815-49E1-B526-8AF3413075F4}.DVD-5|Any CPU.Build.0 = Debug|Any CPU
		{E0C03951-F815-49E1-B526-8AF3413075F4}.DVD-5|Mixed Platforms.ActiveCfg = Debug|Any CPU
		{E0C03951-F815-49E1-B526-8AF3413075F4}.DVD-5|Mixed Platforms.Build.0 = Debug|Any CPU
		{E0C03951-F815-49E1-B526-8AF3413075F4}.DVD-5|x86.ActiveCfg = Debug|Any CPU
		{E0C03951-F815-49E1-B526-8AF3413075F4}.Release|Any CPU.ActiveCfg = Release|Any CPU
		{E0C03951-F815-49E1-B526-8AF3413075F4}.Release|Any CPU.Build.0 = Release|Any CPU
		{E0C03951-F815-49E1-B526-8AF3413075F4}.Release|Mixed Platforms.ActiveCfg = Release|Any CPU
		{E0C03951-F815-49E1-B526-8AF3413075F4}.Release|Mixed Platforms.Build.0 = Release|Any CPU
		{E0C03951-F815-49E1-B526-8AF3413075F4}.Release|x86.ActiveCfg = Release|Any CPU
		{E0C03951-F815-49E1-B526-8AF3413075F4}.SingleImage|Any CPU.ActiveCfg = Release|Any CPU
		{E0C03951-F815-49E1-B526-8AF3413075F4}.SingleImage|Any CPU.Build.0 = Release|Any CPU
		{E0C03951-F815-49E1-B526-8AF3413075F4}.SingleImage|Mixed Platforms.ActiveCfg = Release|Any CPU
		{E0C03951-F815-49E1-B526-8AF3413075F4}.SingleImage|Mixed Platforms.Build.0 = Release|Any CPU
		{E0C03951-F815-49E1-B526-8AF3413075F4}.SingleImage|x86.ActiveCfg = Release|Any CPU
		{E0C03951-F815-49E1-B526-8AF3413075F4}.SPSS test|Any CPU.ActiveCfg = Release|Any CPU
		{E0C03951-F815-49E1-B526-8AF3413075F4}.SPSS test|Any CPU.Build.0 = Release|Any CPU
		{E0C03951-F815-49E1-B526-8AF3413075F4}.SPSS test|Mixed Platforms.ActiveCfg = Release|Any CPU
		{E0C03951-F815-49E1-B526-8AF3413075F4}.SPSS test|Mixed Platforms.Build.0 = Release|Any CPU
		{E0C03951-F815-49E1-B526-8AF3413075F4}.SPSS test|x86.ActiveCfg = Release|Any CPU
	EndGlobalSection
	GlobalSection(SolutionProperties) = preSolution
		HideSolutionNode = FALSE
	EndGlobalSection
EndGlobal
